
Microsoft Visual Studio Solution File, Format Version 12.00
# Visual Studio Version 17
VisualStudioVersion = 17.8.34525.116
MinimumVisualStudioVersion = 10.0.40219.1
Project("{8BC9CEB8-8B4A-11D0-8D11-00A0C91BC942}") = "HIDController", "HIDController.vcxproj", "{C4DC9356-CC6B-403F-A14A-F7B1C5165CFF}"
EndProject
Global
	GlobalSection(SolutionConfigurationPlatforms) = preSolution
		Debug|x64 = Debug|x64
		Debug|x86 = Debug|x86
		Release|x64 = Release|x64
		Release|x86 = Release|x86
	EndGlobalSection
	GlobalSection(ProjectConfigurationPlatforms) = postSolution
		{C4DC9356-CC6B-403F-A14A-F7B1C5165CFF}.Debug|x64.ActiveCfg = Debug|x64
		{C4DC9356-CC6B-403F-A14A-F7B1C5165CFF}.Debug|x64.Build.0 = Debug|x64
		{C4DC9356-CC6B-403F-A14A-F7B1C5165CFF}.Debug|x86.ActiveCfg = Debug|Win32
		{C4DC9356-CC6B-403F-A14A-F7B1C5165CFF}.Debug|x86.Build.0 = Debug|Win32
		{C4DC9356-CC6B-403F-A14A-F7B1C5165CFF}.Release|x64.ActiveCfg = Release|x64
		{C4DC9356-CC6B-403F-A14A-F7B1C5165CFF}.Release|x64.Build.0 = Release|x64
		{C4DC9356-CC6B-403F-A14A-F7B1C5165CFF}.Release|x86.ActiveCfg = Release|Win32
		{C4DC9356-CC6B-403F-A14A-F7B1C5165CFF}.Release|x86.Build.0 = Release|Win32
	EndGlobalSection
	GlobalSection(SolutionProperties) = preSolution
		HideSolutionNode = FALSE
	EndGlobalSection
	GlobalSection(ExtensibilityGlobals) = postSolution
		SolutionGuid = {2E8A027E-5A52-489C-8F5E-8738393A7B3D}
	EndGlobalSection
EndGlobal
