<?xml version="1.0" encoding="utf-8"?>
<Project ToolsVersion="17.0" xmlns="http://schemas.microsoft.com/developer/msbuild/2003">
  <ItemGroup>
    <CustomBuild Include="C:\Users\Admin\source\repos\HIDController\python\CMakeFiles\d3d754da4a8915a3231f30529fc7d2d4\copy_pydstamp.rule">
      <Filter>CMake Rules</Filter>
    </CustomBuild>
    <CustomBuild Include="C:\Users\Admin\source\repos\HIDController\python\CMakeLists.txt" />
  </ItemGroup>
  <ItemGroup>
    <None Include="C:\Users\Admin\source\repos\HIDController\python\CMakeFiles\copy_pydstamp" />
  </ItemGroup>
  <ItemGroup>
    <Filter Include="CMake Rules">
      <UniqueIdentifier>{12AF3285-876E-316A-87C6-C9AD3D76DBC1}</UniqueIdentifier>
    </Filter>
  </ItemGroup>
</Project>
